<?xml version="1.0" encoding="utf-8"?>
<Project ToolsVersion="4.0" xmlns="http://schemas.microsoft.com/developer/msbuild/2003">
  <ItemGroup>
    <Filter Include="Generated Files">
      <UniqueIdentifier>{71ED8ED8-ACB9-4CE9-BBE1-E00B30144E11}</UniqueIdentifier>
      <Extensions>cpp;c;cxx;moc;h;def;odl;idl;res;</Extensions>
    </Filter>
    <Filter Include="Generated Files">
      <UniqueIdentifier>{71ED8ED8-ACB9-4CE9-BBE1-E00B30144E11}</UniqueIdentifier>
      <Extensions>cpp;c;cxx;moc;h;def;odl;idl;res;</Extensions>
    </Filter>
    <Filter Include="FireNET">
      <UniqueIdentifier>{4FC737F1-C7A5-4376-A066-2A32D752A2FF}</UniqueIdentifier>
      <Extensions>cpp;c;cxx;def;odl;idl;hpj;bat;asm;asmx</Extensions>
    </Filter>
    <Filter Include="FireNET\Databases">
      <UniqueIdentifier>{6509001c-d701-4293-9e29-6056443685ab}</UniqueIdentifier>
    </Filter>
    <Filter Include="FireNET\Server">
      <UniqueIdentifier>{16df10ce-e37b-40eb-a960-eaaba98f95f8}</UniqueIdentifier>
    </Filter>
    <Filter Include="FireNET\RemoteServer">
      <UniqueIdentifier>{020c815c-e2c7-45c8-8eff-057f5d4708d3}</UniqueIdentifier>
    </Filter>
    <Filter Include="FireNET\MessageProcessing">
      <UniqueIdentifier>{a24d0560-0d73-4c9a-be2c-0cbeced8b25d}</UniqueIdentifier>
    </Filter>
    <Filter Include="FireNET\Databases\Redis">
      <UniqueIdentifier>{b9117a9b-8776-49dd-b554-3e605f4357d3}</UniqueIdentifier>
    </Filter>
    <Filter Include="FireNET\Databases\MySQL">
      <UniqueIdentifier>{a489d151-65cc-41d5-900b-8d881cd64270}</UniqueIdentifier>
    </Filter>
    <Filter Include="FireNET\Databases\HTTP">
      <UniqueIdentifier>{38d6c441-9879-4f1a-838a-8f3d5cbed01e}</UniqueIdentifier>
    </Filter>
    <Filter Include="FireNET\MessageProcessing\DefaultClient">
      <UniqueIdentifier>{c92fb98c-64c2-42cc-8820-bdb7aa449a58}</UniqueIdentifier>
    </Filter>
    <Filter Include="FireNET\MessageProcessing\RemoteClient">
      <UniqueIdentifier>{ac14d683-8041-47bb-bbb0-d1760857ad86}</UniqueIdentifier>
    </Filter>
    <Filter Include="FireNET\Tools">
      <UniqueIdentifier>{a96cc6b6-c65c-4792-bfd6-9565833b12fc}</UniqueIdentifier>
    </Filter>
  </ItemGroup>
  <ItemGroup>
    <ClCompile Include="global.cpp">
      <Filter>FireNET</Filter>
    </ClCompile>
    <ClCompile Include="main.cpp">
      <Filter>FireNET</Filter>
    </ClCompile>
    <ClCompile Include="..\..\temp\moc\server\moc_clientquerys.cpp">
      <Filter>Generated Files</Filter>
    </ClCompile>
    <ClCompile Include="..\..\temp\moc\server\moc_redisconnector.cpp">
      <Filter>Generated Files</Filter>
    </ClCompile>
    <ClCompile Include="..\..\temp\moc\server\moc_tcpconnection.cpp">
      <Filter>Generated Files</Filter>
    </ClCompile>
    <ClCompile Include="..\..\temp\moc\server\moc_tcpserver.cpp">
      <Filter>Generated Files</Filter>
    </ClCompile>
    <ClCompile Include="..\..\temp\moc\server\moc_tcpthread.cpp">
      <Filter>Generated Files</Filter>
    </ClCompile>
    <ClCompile Include="..\..\temp\moc\server\moc_dbworker.cpp">
      <Filter>Generated Files</Filter>
    </ClCompile>
    <ClCompile Include="..\..\temp\moc\server\moc_mysqlconnector.cpp">
      <Filter>Generated Files</Filter>
    </ClCompile>
    <ClCompile Include="dbworker.cpp">
      <Filter>FireNET\Databases</Filter>
    </ClCompile>
    <ClCompile Include="tcpconnection.cpp">
      <Filter>FireNET\Server</Filter>
    </ClCompile>
    <ClCompile Include="tcpserver.cpp">
      <Filter>FireNET\Server</Filter>
    </ClCompile>
    <ClCompile Include="tcpthread.cpp">
      <Filter>FireNET\Server</Filter>
    </ClCompile>
    <ClCompile Include="..\..\temp\moc\server\moc_httpconnector.cpp">
      <Filter>Generated Files</Filter>
    </ClCompile>
    <ClCompile Include="remoteserver.cpp">
      <Filter>FireNET\RemoteServer</Filter>
    </ClCompile>
    <ClCompile Include="..\..\temp\moc\server\moc_remoteserver.cpp">
      <Filter>Generated Files</Filter>
    </ClCompile>
    <ClCompile Include="remoteconnection.cpp">
      <Filter>FireNET\RemoteServer</Filter>
    </ClCompile>
    <ClCompile Include="..\..\temp\moc\server\moc_remoteconnection.cpp">
      <Filter>Generated Files</Filter>
    </ClCompile>
    <ClCompile Include="redisconnector.cpp">
      <Filter>FireNET\Databases\Redis</Filter>
    </ClCompile>
    <ClCompile Include="mysqlconnector.cpp">
      <Filter>FireNET\Databases\MySQL</Filter>
    </ClCompile>
    <ClCompile Include="httpconnector.cpp">
      <Filter>FireNET\Databases\HTTP</Filter>
    </ClCompile>
    <ClCompile Include="clientquerys.cpp">
      <Filter>FireNET\MessageProcessing\DefaultClient</Filter>
    </ClCompile>
    <ClCompile Include="helper.cpp">
      <Filter>FireNET\MessageProcessing\DefaultClient</Filter>
    </ClCompile>
    <ClCompile Include="remoteclientquerys.cpp">
      <Filter>FireNET\MessageProcessing\RemoteClient</Filter>
    </ClCompile>
    <ClCompile Include="..\..\temp\moc\server\moc_remoteclientquerys.cpp">
      <Filter>Generated Files</Filter>
    </ClCompile>
    <ClCompile Include="settings.cpp">
      <Filter>FireNET\Tools</Filter>
    </ClCompile>
    <ClCompile Include="..\..\temp\moc\server\moc_settings.cpp">
      <Filter>Generated Files</Filter>
    </ClCompile>
    <ClCompile Include="netpacket.cpp">
      <Filter>FireNET\Server</Filter>
    </ClCompile>
    <ClCompile Include="scripts.cpp">
      <Filter>FireNET\Tools</Filter>
    </ClCompile>
    <ClCompile Include="..\..\temp\moc\server\moc_scripts.cpp">
      <Filter>Generated Files</Filter>
    </ClCompile>
  </ItemGroup>
  <ItemGroup>
    <CustomBuild Include="dbworker.h">
      <Filter>FireNET\Databases</Filter>
    </CustomBuild>
    <CustomBuild Include="tcpconnection.h">
      <Filter>FireNET\Server</Filter>
    </CustomBuild>
    <CustomBuild Include="tcpserver.h">
      <Filter>FireNET\Server</Filter>
    </CustomBuild>
    <CustomBuild Include="tcpthread.h">
      <Filter>FireNET\Server</Filter>
    </CustomBuild>
    <CustomBuild Include="remoteserver.h">
      <Filter>FireNET\RemoteServer</Filter>
    </CustomBuild>
    <CustomBuild Include="remoteconnection.h">
      <Filter>FireNET\RemoteServer</Filter>
    </CustomBuild>
    <CustomBuild Include="redisconnector.h">
      <Filter>FireNET\Databases\Redis</Filter>
    </CustomBuild>
    <CustomBuild Include="mysqlconnector.h">
      <Filter>FireNET\Databases\MySQL</Filter>
    </CustomBuild>
    <CustomBuild Include="httpconnector.h">
      <Filter>FireNET\Databases\HTTP</Filter>
    </CustomBuild>
    <CustomBuild Include="clientquerys.h">
      <Filter>FireNET\MessageProcessing\DefaultClient</Filter>
    </CustomBuild>
    <CustomBuild Include="remoteclientquerys.h">
      <Filter>FireNET\MessageProcessing\RemoteClient</Filter>
    </CustomBuild>
    <CustomBuild Include="settings.h">
      <Filter>FireNET\Tools</Filter>
    </CustomBuild>
    <CustomBuild Include="scripts.h">
      <Filter>FireNET\Tools</Filter>
    </CustomBuild>
  </ItemGroup>
  <ItemGroup>
    <ClInclude Include="global.h">
      <Filter>FireNET</Filter>
    </ClInclude>
    <ClInclude Include="netpacket.h">
      <Filter>FireNET\Server</Filter>
    </ClInclude>
  </ItemGroup>
</Project>