<?xml version="1.0" encoding="utf-8"?>
<Project ToolsVersion="4.0" xmlns="http://schemas.microsoft.com/developer/msbuild/2003">
  <ItemGroup>
    <ClCompile Include="src\StdAdx.cpp" />
    <ClCompile Include="src\moc_network.cpp">
      <Filter>Moc</Filter>
    </ClCompile>
    <ClCompile Include="src\FlowNodes.cpp">
      <Filter>Flownodes</Filter>
    </ClCompile>
    <ClCompile Include="src\UIEvents.cpp">
      <Filter>UI events</Filter>
    </ClCompile>
    <ClCompile Include="src\CVars.cpp">
      <Filter>Console variables</Filter>
    </ClCompile>
    <ClCompile Include="src\Network.cpp">
      <Filter>Network</Filter>
    </ClCompile>
    <ClCompile Include="src\XmlWorker.cpp">
      <Filter>Network</Filter>
    </ClCompile>
    <ClCompile Include="src\Global.cpp">
      <Filter>System</Filter>
    </ClCompile>
    <ClCompile Include="src\DllMain.cpp">
      <Filter>System\DLL</Filter>
    </ClCompile>
    <ClCompile Include="src\CFireNET_Base.cpp">
      <Filter>System\Base</Filter>
    </ClCompile>
  </ItemGroup>
  <ItemGroup>
    <ClInclude Include="src\UIEvents.h">
      <Filter>UI events</Filter>
    </ClInclude>
    <ClInclude Include="src\CVars.h">
      <Filter>Console variables</Filter>
    </ClInclude>
    <ClInclude Include="src\Network.h">
      <Filter>Network</Filter>
    </ClInclude>
    <ClInclude Include="src\XmlWorker.h">
      <Filter>Network</Filter>
    </ClInclude>
    <ClInclude Include="src\Global.h">
      <Filter>System</Filter>
    </ClInclude>
    <ClInclude Include="includes\FireNET_Base.h">
      <Filter>System\Base</Filter>
    </ClInclude>
    <ClInclude Include="src\CFireNET_Base.h">
      <Filter>System\Base</Filter>
    </ClInclude>
  </ItemGroup>
  <ItemGroup>
    <Filter Include="Moc">
      <UniqueIdentifier>{ef858701-5fe3-4434-ac92-41df16e1f480}</UniqueIdentifier>
    </Filter>
    <Filter Include="Flownodes">
      <UniqueIdentifier>{bfecdc18-3c1d-4620-9f51-d3ecfdbc222c}</UniqueIdentifier>
    </Filter>
    <Filter Include="UI events">
      <UniqueIdentifier>{25b3eed1-209b-4852-ba68-7fe43daa6c94}</UniqueIdentifier>
    </Filter>
    <Filter Include="Console variables">
      <UniqueIdentifier>{1b4d95c3-3335-4b37-b3c2-94078d1e2729}</UniqueIdentifier>
    </Filter>
    <Filter Include="Network">
      <UniqueIdentifier>{3df9db36-ea39-4368-9104-e284d85c4c53}</UniqueIdentifier>
    </Filter>
    <Filter Include="System">
      <UniqueIdentifier>{91cf8d13-4f2f-4664-be89-7fc75f9d6ab5}</UniqueIdentifier>
    </Filter>
    <Filter Include="System\DLL">
      <UniqueIdentifier>{ca287091-1d8c-4d39-951b-1fe9be076097}</UniqueIdentifier>
    </Filter>
    <Filter Include="System\Base">
      <UniqueIdentifier>{1ec2c74a-49c7-4409-baba-f78fdaa4b29e}</UniqueIdentifier>
    </Filter>
  </ItemGroup>
</Project>